// !$*UTF8*$!
{
	archiveVersion = 1;
	classes = {
	};
	objectVersion = 46;
	objects = {

/* Begin PBXBuildFile section */
		EE86976C197C3E6000352950 /* AppDelegate.swift in Sources */ = {isa = PBXBuildFile; fileRef = EE86976B197C3E6000352950 /* AppDelegate.swift */; };
		EE86976E197C3E6000352950 /* AuthView.swift in Sources */ = {isa = PBXBuildFile; fileRef = EE86976D197C3E6000352950 /* AuthView.swift */; };
		EE869771197C3E6100352950 /* Main.storyboard in Resources */ = {isa = PBXBuildFile; fileRef = EE86976F197C3E6100352950 /* Main.storyboard */; };
		EE869773197C3E6100352950 /* Images.xcassets in Resources */ = {isa = PBXBuildFile; fileRef = EE869772197C3E6100352950 /* Images.xcassets */; };
		EE86977F197C3E6100352950 /* twitter_app_swifterTests.swift in Sources */ = {isa = PBXBuildFile; fileRef = EE86977E197C3E6100352950 /* twitter_app_swifterTests.swift */; };
		EE86979A197C3F2700352950 /* SwifteriOS.framework in Frameworks */ = {isa = PBXBuildFile; fileRef = EE869793197C3EDE00352950 /* SwifteriOS.framework */; };
		EE8697A9197C430600352950 /* RecentTweets.swift in Sources */ = {isa = PBXBuildFile; fileRef = EE8697A8197C430600352950 /* RecentTweets.swift */; };
/* End PBXBuildFile section */

/* Begin PBXContainerItemProxy section */
		EE869779197C3E6100352950 /* PBXContainerItemProxy */ = {
			isa = PBXContainerItemProxy;
			containerPortal = EE86975E197C3E6000352950 /* Project object */;
			proxyType = 1;
			remoteGlobalIDString = EE869765197C3E6000352950;
			remoteInfo = "twitter-app-swifter";
		};
		EE869790197C3EDE00352950 /* PBXContainerItemProxy */ = {
			isa = PBXContainerItemProxy;
			containerPortal = EE869788197C3EDD00352950 /* Swifter.xcodeproj */;
			proxyType = 2;
			remoteGlobalIDString = 8B300C1F1944AA1A00993175;
			remoteInfo = SwifterDemoiOS;
		};
		EE869792197C3EDE00352950 /* PBXContainerItemProxy */ = {
			isa = PBXContainerItemProxy;
			containerPortal = EE869788197C3EDD00352950 /* Swifter.xcodeproj */;
			proxyType = 2;
			remoteGlobalIDString = 8B9F50EE1944A5AB00894629;
			remoteInfo = SwifteriOS;
		};
		EE869794197C3EDE00352950 /* PBXContainerItemProxy */ = {
			isa = PBXContainerItemProxy;
			containerPortal = EE869788197C3EDD00352950 /* Swifter.xcodeproj */;
			proxyType = 2;
			remoteGlobalIDString = 8B9F51131944A61D00894629;
			remoteInfo = SwifterMac;
		};
		EE869796197C3EDE00352950 /* PBXContainerItemProxy */ = {
			isa = PBXContainerItemProxy;
			containerPortal = EE869788197C3EDD00352950 /* Swifter.xcodeproj */;
			proxyType = 2;
			remoteGlobalIDString = 8B300C471944AECB00993175;
			remoteInfo = SwifterDemoMac;
		};
		EE869798197C3EDE00352950 /* PBXContainerItemProxy */ = {
			isa = PBXContainerItemProxy;
			containerPortal = EE869788197C3EDD00352950 /* Swifter.xcodeproj */;
			proxyType = 2;
			remoteGlobalIDString = 8B300C5A1944AECB00993175;
			remoteInfo = SwifterDemoMacTests;
		};
/* End PBXContainerItemProxy section */

/* Begin PBXFileReference section */
		EE869766197C3E6000352950 /* twitter-app-swifter.app */ = {isa = PBXFileReference; explicitFileType = wrapper.application; includeInIndex = 0; path = "twitter-app-swifter.app"; sourceTree = BUILT_PRODUCTS_DIR; };
		EE86976A197C3E6000352950 /* Info.plist */ = {isa = PBXFileReference; lastKnownFileType = text.plist.xml; path = Info.plist; sourceTree = "<group>"; };
		EE86976B197C3E6000352950 /* AppDelegate.swift */ = {isa = PBXFileReference; lastKnownFileType = sourcecode.swift; path = AppDelegate.swift; sourceTree = "<group>"; };
		EE86976D197C3E6000352950 /* AuthView.swift */ = {isa = PBXFileReference; lastKnownFileType = sourcecode.swift; name = AuthView.swift; path = "twitter-app-swifter/AuthView.swift"; sourceTree = "<group>"; };
		EE869770197C3E6100352950 /* Base */ = {isa = PBXFileReference; lastKnownFileType = file.storyboard; name = Base; path = Base.lproj/Main.storyboard; sourceTree = "<group>"; };
		EE869772197C3E6100352950 /* Images.xcassets */ = {isa = PBXFileReference; lastKnownFileType = folder.assetcatalog; path = Images.xcassets; sourceTree = "<group>"; };
		EE869778197C3E6100352950 /* twitter-app-swifterTests.xctest */ = {isa = PBXFileReference; explicitFileType = wrapper.cfbundle; includeInIndex = 0; path = "twitter-app-swifterTests.xctest"; sourceTree = BUILT_PRODUCTS_DIR; };
		EE86977D197C3E6100352950 /* Info.plist */ = {isa = PBXFileReference; lastKnownFileType = text.plist.xml; path = Info.plist; sourceTree = "<group>"; };
		EE86977E197C3E6100352950 /* twitter_app_swifterTests.swift */ = {isa = PBXFileReference; lastKnownFileType = sourcecode.swift; path = twitter_app_swifterTests.swift; sourceTree = "<group>"; };
		EE869788197C3EDD00352950 /* Swifter.xcodeproj */ = {isa = PBXFileReference; lastKnownFileType = "wrapper.pb-project"; name = Swifter.xcodeproj; path = ../../../../frameworks/Swifter/Swifter.xcodeproj; sourceTree = "<group>"; };
		EE8697A8197C430600352950 /* RecentTweets.swift */ = {isa = PBXFileReference; fileEncoding = 4; lastKnownFileType = sourcecode.swift; name = RecentTweets.swift; path = "twitter-app-swifter/RecentTweets.swift"; sourceTree = "<group>"; };
/* End PBXFileReference section */

/* Begin PBXFrameworksBuildPhase section */
		EE869763197C3E6000352950 /* Frameworks */ = {
			isa = PBXFrameworksBuildPhase;
			buildActionMask = 2147483647;
			files = (
				EE86979A197C3F2700352950 /* SwifteriOS.framework in Frameworks */,
			);
			runOnlyForDeploymentPostprocessing = 0;
		};
		EE869775197C3E6100352950 /* Frameworks */ = {
			isa = PBXFrameworksBuildPhase;
			buildActionMask = 2147483647;
			files = (
			);
			runOnlyForDeploymentPostprocessing = 0;
		};
/* End PBXFrameworksBuildPhase section */

/* Begin PBXGroup section */
		EE86975D197C3E6000352950 = {
			isa = PBXGroup;
			children = (
				EE8697A7197C424700352950 /* Controllers */,
				EE869768197C3E6000352950 /* twitter-app-swifter */,
				EE86977B197C3E6100352950 /* twitter-app-swifterTests */,
				EE869767197C3E6000352950 /* Products */,
				EE869788197C3EDD00352950 /* Swifter.xcodeproj */,
			);
			sourceTree = "<group>";
		};
		EE869767197C3E6000352950 /* Products */ = {
			isa = PBXGroup;
			children = (
				EE869766197C3E6000352950 /* twitter-app-swifter.app */,
				EE869778197C3E6100352950 /* twitter-app-swifterTests.xctest */,
			);
			name = Products;
			sourceTree = "<group>";
		};
		EE869768197C3E6000352950 /* twitter-app-swifter */ = {
			isa = PBXGroup;
			children = (
				EE86976B197C3E6000352950 /* AppDelegate.swift */,
				EE86976F197C3E6100352950 /* Main.storyboard */,
				EE869772197C3E6100352950 /* Images.xcassets */,
				EE869769197C3E6000352950 /* Supporting Files */,
			);
			path = "twitter-app-swifter";
			sourceTree = "<group>";
		};
		EE869769197C3E6000352950 /* Supporting Files */ = {
			isa = PBXGroup;
			children = (
				EE86976A197C3E6000352950 /* Info.plist */,
			);
			name = "Supporting Files";
			sourceTree = "<group>";
		};
		EE86977B197C3E6100352950 /* twitter-app-swifterTests */ = {
			isa = PBXGroup;
			children = (
				EE86977E197C3E6100352950 /* twitter_app_swifterTests.swift */,
				EE86977C197C3E6100352950 /* Supporting Files */,
			);
			path = "twitter-app-swifterTests";
			sourceTree = "<group>";
		};
		EE86977C197C3E6100352950 /* Supporting Files */ = {
			isa = PBXGroup;
			children = (
				EE86977D197C3E6100352950 /* Info.plist */,
			);
			name = "Supporting Files";
			sourceTree = "<group>";
		};
		EE869789197C3EDD00352950 /* Products */ = {
			isa = PBXGroup;
			children = (
				EE869791197C3EDE00352950 /* SwifterDemoiOS.app */,
				EE869793197C3EDE00352950 /* SwifteriOS.framework */,
				EE869795197C3EDE00352950 /* SwifterMac.framework */,
				EE869797197C3EDE00352950 /* SwifterDemoMac.app */,
				EE869799197C3EDE00352950 /* SwifterDemoMacTests.xctest */,
			);
			name = Products;
			sourceTree = "<group>";
		};
		EE8697A7197C424700352950 /* Controllers */ = {
			isa = PBXGroup;
			children = (
				EE86976D197C3E6000352950 /* AuthView.swift */,
				EE8697A8197C430600352950 /* RecentTweets.swift */,
			);
			name = Controllers;
			sourceTree = "<group>";
		};
/* End PBXGroup section */

/* Begin PBXNativeTarget section */
		EE869765197C3E6000352950 /* twitter-app-swifter */ = {
			isa = PBXNativeTarget;
			buildConfigurationList = EE869782197C3E6100352950 /* Build configuration list for PBXNativeTarget "twitter-app-swifter" */;
			buildPhases = (
				EE869762197C3E6000352950 /* Sources */,
				EE869763197C3E6000352950 /* Frameworks */,
				EE869764197C3E6000352950 /* Resources */,
			);
			buildRules = (
			);
			dependencies = (
			);
			name = "twitter-app-swifter";
			productName = "twitter-app-swifter";
			productReference = EE869766197C3E6000352950 /* twitter-app-swifter.app */;
			productType = "com.apple.product-type.application";
		};
		EE869777197C3E6100352950 /* twitter-app-swifterTests */ = {
			isa = PBXNativeTarget;
			buildConfigurationList = EE869785197C3E6100352950 /* Build configuration list for PBXNativeTarget "twitter-app-swifterTests" */;
			buildPhases = (
				EE869774197C3E6100352950 /* Sources */,
				EE869775197C3E6100352950 /* Frameworks */,
				EE869776197C3E6100352950 /* Resources */,
			);
			buildRules = (
			);
			dependencies = (
				EE86977A197C3E6100352950 /* PBXTargetDependency */,
			);
			name = "twitter-app-swifterTests";
			productName = "twitter-app-swifterTests";
			productReference = EE869778197C3E6100352950 /* twitter-app-swifterTests.xctest */;
			productType = "com.apple.product-type.bundle.unit-test";
		};
/* End PBXNativeTarget section */

/* Begin PBXProject section */
		EE86975E197C3E6000352950 /* Project object */ = {
			isa = PBXProject;
			attributes = {
				LastUpgradeCheck = 0600;
				ORGANIZATIONNAME = muya;
				TargetAttributes = {
					EE869765197C3E6000352950 = {
						CreatedOnToolsVersion = 6.0;
					};
					EE869777197C3E6100352950 = {
						CreatedOnToolsVersion = 6.0;
						TestTargetID = EE869765197C3E6000352950;
					};
				};
			};
			buildConfigurationList = EE869761197C3E6000352950 /* Build configuration list for PBXProject "twitter-app-swifter" */;
			compatibilityVersion = "Xcode 3.2";
			developmentRegion = English;
			hasScannedForEncodings = 0;
			knownRegions = (
				en,
				Base,
			);
			mainGroup = EE86975D197C3E6000352950;
			productRefGroup = EE869767197C3E6000352950 /* Products */;
			projectDirPath = "";
			projectReferences = (
				{
					ProductGroup = EE869789197C3EDD00352950 /* Products */;
					ProjectRef = EE869788197C3EDD00352950 /* Swifter.xcodeproj */;
				},
			);
			projectRoot = "";
			targets = (
				EE869765197C3E6000352950 /* twitter-app-swifter */,
				EE869777197C3E6100352950 /* twitter-app-swifterTests */,
			);
		};
/* End PBXProject section */

/* Begin PBXReferenceProxy section */
		EE869791197C3EDE00352950 /* SwifterDemoiOS.app */ = {
			isa = PBXReferenceProxy;
			fileType = wrapper.application;
			path = SwifterDemoiOS.app;
			remoteRef = EE869790197C3EDE00352950 /* PBXContainerItemProxy */;
			sourceTree = BUILT_PRODUCTS_DIR;
		};
		EE869793197C3EDE00352950 /* SwifteriOS.framework */ = {
			isa = PBXReferenceProxy;
			fileType = wrapper.framework;
			path = SwifteriOS.framework;
			remoteRef = EE869792197C3EDE00352950 /* PBXContainerItemProxy */;
			sourceTree = BUILT_PRODUCTS_DIR;
		};
		EE869795197C3EDE00352950 /* SwifterMac.framework */ = {
			isa = PBXReferenceProxy;
			fileType = wrapper.framework;
			path = SwifterMac.framework;
			remoteRef = EE869794197C3EDE00352950 /* PBXContainerItemProxy */;
			sourceTree = BUILT_PRODUCTS_DIR;
		};
		EE869797197C3EDE00352950 /* SwifterDemoMac.app */ = {
			isa = PBXReferenceProxy;
			fileType = wrapper.application;
			path = SwifterDemoMac.app;
			remoteRef = EE869796197C3EDE00352950 /* PBXContainerItemProxy */;
			sourceTree = BUILT_PRODUCTS_DIR;
		};
		EE869799197C3EDE00352950 /* SwifterDemoMacTests.xctest */ = {
			isa = PBXReferenceProxy;
			fileType = wrapper.cfbundle;
			path = SwifterDemoMacTests.xctest;
			remoteRef = EE869798197C3EDE00352950 /* PBXContainerItemProxy */;
			sourceTree = BUILT_PRODUCTS_DIR;
		};
/* End PBXReferenceProxy section */

/* Begin PBXResourcesBuildPhase section */
		EE869764197C3E6000352950 /* Resources */ = {
			isa = PBXResourcesBuildPhase;
			buildActionMask = 2147483647;
			files = (
				EE869771197C3E6100352950 /* Main.storyboard in Resources */,
				EE869773197C3E6100352950 /* Images.xcassets in Resources */,
			);
			runOnlyForDeploymentPostprocessing = 0;
		};
		EE869776197C3E6100352950 /* Resources */ = {
			isa = PBXResourcesBuildPhase;
			buildActionMask = 2147483647;
			files = (
			);
			runOnlyForDeploymentPostprocessing = 0;
		};
/* End PBXResourcesBuildPhase section */

/* Begin PBXSourcesBuildPhase section */
		EE869762197C3E6000352950 /* Sources */ = {
			isa = PBXSourcesBuildPhase;
			buildActionMask = 2147483647;
			files = (
				EE86976E197C3E6000352950 /* AuthView.swift in Sources */,
				EE8697A9197C430600352950 /* RecentTweets.swift in Sources */,
				EE86976C197C3E6000352950 /* AppDelegate.swift in Sources */,
			);
			runOnlyForDeploymentPostprocessing = 0;
		};
		EE869774197C3E6100352950 /* Sources */ = {
			isa = PBXSourcesBuildPhase;
			buildActionMask = 2147483647;
			files = (
				EE86977F197C3E6100352950 /* twitter_app_swifterTests.swift in Sources */,
			);
			runOnlyForDeploymentPostprocessing = 0;
		};
/* End PBXSourcesBuildPhase section */

/* Begin PBXTargetDependency section */
		EE86977A197C3E6100352950 /* PBXTargetDependency */ = {
			isa = PBXTargetDependency;
			target = EE869765197C3E6000352950 /* twitter-app-swifter */;
			targetProxy = EE869779197C3E6100352950 /* PBXContainerItemProxy */;
		};
/* End PBXTargetDependency section */

/* Begin PBXVariantGroup section */
		EE86976F197C3E6100352950 /* Main.storyboard */ = {
			isa = PBXVariantGroup;
			children = (
				EE869770197C3E6100352950 /* Base */,
			);
			name = Main.storyboard;
			sourceTree = "<group>";
		};
/* End PBXVariantGroup section */

/* Begin XCBuildConfiguration section */
		EE869780197C3E6100352950 /* Debug */ = {
			isa = XCBuildConfiguration;
			buildSettings = {
				ALWAYS_SEARCH_USER_PATHS = NO;
				CLANG_CXX_LANGUAGE_STANDARD = "gnu++0x";
				CLANG_CXX_LIBRARY = "libc++";
				CLANG_ENABLE_MODULES = YES;
				CLANG_ENABLE_OBJC_ARC = YES;
				CLANG_WARN_BOOL_CONVERSION = YES;
				CLANG_WARN_CONSTANT_CONVERSION = YES;
				CLANG_WARN_DIRECT_OBJC_ISA_USAGE = YES_ERROR;
				CLANG_WARN_EMPTY_BODY = YES;
				CLANG_WARN_ENUM_CONVERSION = YES;
				CLANG_WARN_INT_CONVERSION = YES;
				CLANG_WARN_OBJC_ROOT_CLASS = YES_ERROR;
				CLANG_WARN_UNREACHABLE_CODE = YES;
				CLANG_WARN__DUPLICATE_METHOD_MATCH = YES;
				"CODE_SIGN_IDENTITY[sdk=iphoneos*]" = "iPhone Developer";
				COPY_PHASE_STRIP = NO;
				DEFINES_MODULE = YES;
				ENABLE_STRICT_OBJC_MSGSEND = YES;
				GCC_C_LANGUAGE_STANDARD = gnu99;
				GCC_DYNAMIC_NO_PIC = NO;
				GCC_OPTIMIZATION_LEVEL = 0;
				GCC_PREPROCESSOR_DEFINITIONS = (
					"DEBUG=1",
					"$(inherited)",
				);
				GCC_SYMBOLS_PRIVATE_EXTERN = NO;
				GCC_WARN_64_TO_32_BIT_CONVERSION = YES;
				GCC_WARN_ABOUT_RETURN_TYPE = YES_ERROR;
				GCC_WARN_UNDECLARED_SELECTOR = YES;
				GCC_WARN_UNINITIALIZED_AUTOS = YES_AGGRESSIVE;
				GCC_WARN_UNUSED_FUNCTION = YES;
				GCC_WARN_UNUSED_VARIABLE = YES;
				IPHONEOS_DEPLOYMENT_TARGET = 8.0;
				MTL_ENABLE_DEBUG_INFO = YES;
				ONLY_ACTIVE_ARCH = YES;
				SDKROOT = iphoneos;
				SWIFT_OPTIMIZATION_LEVEL = "-Onone";
			};
			name = Debug;
		};
		EE869781197C3E6100352950 /* Release */ = {
			isa = XCBuildConfiguration;
			buildSettings = {
				ALWAYS_SEARCH_USER_PATHS = NO;
				CLANG_CXX_LANGUAGE_STANDARD = "gnu++0x";
				CLANG_CXX_LIBRARY = "libc++";
				CLANG_ENABLE_MODULES = YES;
				CLANG_ENABLE_OBJC_ARC = YES;
				CLANG_WARN_BOOL_CONVERSION = YES;
				CLANG_WARN_CONSTANT_CONVERSION = YES;
				CLANG_WARN_DIRECT_OBJC_ISA_USAGE = YES_ERROR;
				CLANG_WARN_EMPTY_BODY = YES;
				CLANG_WARN_ENUM_CONVERSION = YES;
				CLANG_WARN_INT_CONVERSION = YES;
				CLANG_WARN_OBJC_ROOT_CLASS = YES_ERROR;
				CLANG_WARN_UNREACHABLE_CODE = YES;
				CLANG_WARN__DUPLICATE_METHOD_MATCH = YES;
				"CODE_SIGN_IDENTITY[sdk=iphoneos*]" = "iPhone Developer";
				COPY_PHASE_STRIP = YES;
				DEFINES_MODULE = YES;
				ENABLE_NS_ASSERTIONS = NO;
				ENABLE_STRICT_OBJC_MSGSEND = YES;
				GCC_C_LANGUAGE_STANDARD = gnu99;
				GCC_WARN_64_TO_32_BIT_CONVERSION = YES;
				GCC_WARN_ABOUT_RETURN_TYPE = YES_ERROR;
				GCC_WARN_UNDECLARED_SELECTOR = YES;
				GCC_WARN_UNINITIALIZED_AUTOS = YES_AGGRESSIVE;
				GCC_WARN_UNUSED_FUNCTION = YES;
				GCC_WARN_UNUSED_VARIABLE = YES;
				IPHONEOS_DEPLOYMENT_TARGET = 8.0;
				MTL_ENABLE_DEBUG_INFO = NO;
				SDKROOT = iphoneos;
				VALIDATE_PRODUCT = YES;
			};
			name = Release;
		};
		EE869783197C3E6100352950 /* Debug */ = {
			isa = XCBuildConfiguration;
			buildSettings = {
				ASSETCATALOG_COMPILER_APPICON_NAME = AppIcon;
				ASSETCATALOG_COMPILER_LAUNCHIMAGE_NAME = LaunchImage;
				DEFINES_MODULE = YES;
				INFOPLIST_FILE = "twitter-app-swifter/Info.plist";
				IPHONEOS_DEPLOYMENT_TARGET = 8.0;
				LD_RUNPATH_SEARCH_PATHS = "$(inherited) @executable_path/Frameworks";
				PRODUCT_NAME = "$(TARGET_NAME)";
			};
			name = Debug;
		};
		EE869784197C3E6100352950 /* Release */ = {
			isa = XCBuildConfiguration;
			buildSettings = {
				ASSETCATALOG_COMPILER_APPICON_NAME = AppIcon;
				ASSETCATALOG_COMPILER_LAUNCHIMAGE_NAME = LaunchImage;
				DEFINES_MODULE = YES;
				INFOPLIST_FILE = "twitter-app-swifter/Info.plist";
				IPHONEOS_DEPLOYMENT_TARGET = 8.0;
				LD_RUNPATH_SEARCH_PATHS = "$(inherited) @executable_path/Frameworks";
				PRODUCT_NAME = "$(TARGET_NAME)";
			};
			name = Release;
		};
		EE869786197C3E6100352950 /* Debug */ = {
			isa = XCBuildConfiguration;
			buildSettings = {
				BUNDLE_LOADER = "$(BUILT_PRODUCTS_DIR)/twitter-app-swifter.app/twitter-app-swifter";
				FRAMEWORK_SEARCH_PATHS = (
					"$(SDKROOT)/Developer/Library/Frameworks",
					"$(inherited)",
				);
				GCC_PREPROCESSOR_DEFINITIONS = (
					"DEBUG=1",
					"$(inherited)",
				);
				INFOPLIST_FILE = "twitter-app-swifterTests/Info.plist";
				LD_RUNPATH_SEARCH_PATHS = "$(inherited) @executable_path/Frameworks @loader_path/Frameworks";
				PRODUCT_NAME = "$(TARGET_NAME)";
				TEST_HOST = "$(BUNDLE_LOADER)";
			};
			name = Debug;
		};
		EE869787197C3E6100352950 /* Release */ = {
			isa = XCBuildConfiguration;
			buildSettings = {
				BUNDLE_LOADER = "$(BUILT_PRODUCTS_DIR)/twitter-app-swifter.app/twitter-app-swifter";
				FRAMEWORK_SEARCH_PATHS = (
					"$(SDKROOT)/Developer/Library/Frameworks",
					"$(inherited)",
				);
				INFOPLIST_FILE = "twitter-app-swifterTests/Info.plist";
				LD_RUNPATH_SEARCH_PATHS = "$(inherited) @executable_path/Frameworks @loader_path/Frameworks";
				PRODUCT_NAME = "$(TARGET_NAME)";
				TEST_HOST = "$(BUNDLE_LOADER)";
			};
			name = Release;
		};
/* End XCBuildConfiguration section */

/* Begin XCConfigurationList section */
		EE869761197C3E6000352950 /* Build configuration list for PBXProject "twitter-app-swifter" */ = {
			isa = XCConfigurationList;
			buildConfigurations = (
				EE869780197C3E6100352950 /* Debug */,
				EE869781197C3E6100352950 /* Release */,
			);
			defaultConfigurationIsVisible = 0;
			defaultConfigurationName = Release;
		};
		EE869782197C3E6100352950 /* Build configuration list for PBXNativeTarget "twitter-app-swifter" */ = {
			isa = XCConfigurationList;
			buildConfigurations = (
				EE869783197C3E6100352950 /* Debug */,
				EE869784197C3E6100352950 /* Release */,
			);
			defaultConfigurationIsVisible = 0;
			defaultConfigurationName = Release;
		};
		EE869785197C3E6100352950 /* Build configuration list for PBXNativeTarget "twitter-app-swifterTests" */ = {
			isa = XCConfigurationList;
			buildConfigurations = (
				EE869786197C3E6100352950 /* Debug */,
				EE869787197C3E6100352950 /* Release */,
			);
			defaultConfigurationIsVisible = 0;
			defaultConfigurationName = Release;
		};
/* End XCConfigurationList section */
	};
	rootObject = EE86975E197C3E6000352950 /* Project object */;
}
